
Microsoft Visual Studio Solution File, Format Version 12.00
# Visual Studio 2013
VisualStudioVersion = 12.0.40629.0
MinimumVisualStudioVersion = 10.0.40219.1
Project("{FAE04EC0-301F-11D3-BF4B-00C04F79EFBC}") = "Bootstrapper", "Bootstrapper\Bootstrapper.csproj", "{03FFF0C6-281D-4E3E-8D69-B06CCB34109F}"
EndProject
Project("{FAE04EC0-301F-11D3-BF4B-00C04F79EFBC}") = "ConsoleApplication1", "..\ConsoleApplication1\ConsoleApplication1.csproj", "{19B526DA-2F2E-44DB-8F3C-F8C8EA3863F9}"
EndProject
Project("{FAE04EC0-301F-11D3-BF4B-00C04F79EFBC}") = "ConsoleApplication1.Library", "..\ConsoleApplication1.Library\ConsoleApplication1.Library.csproj", "{769C2065-4F3D-4FCC-B783-EAA0F5BCB250}"
EndProject
Project("{2150E333-8FDC-42A3-9474-1A3956D46DE8}") = "Sample", "Sample", "{8A0AA186-4E04-42A9-B759-BB8F35BB83D4}"
EndProject
Global
	GlobalSection(SolutionConfigurationPlatforms) = preSolution
		Debug|Any CPU = Debug|Any CPU
		Release|Any CPU = Release|Any CPU
	EndGlobalSection
	GlobalSection(ProjectConfigurationPlatforms) = postSolution
		{03FFF0C6-281D-4E3E-8D69-B06CCB34109F}.Debug|Any CPU.ActiveCfg = Debug|Any CPU
		{03FFF0C6-281D-4E3E-8D69-B06CCB34109F}.Debug|Any CPU.Build.0 = Debug|Any CPU
		{03FFF0C6-281D-4E3E-8D69-B06CCB34109F}.Release|Any CPU.ActiveCfg = Release|Any CPU
		{03FFF0C6-281D-4E3E-8D69-B06CCB34109F}.Release|Any CPU.Build.0 = Release|Any CPU
		{19B526DA-2F2E-44DB-8F3C-F8C8EA3863F9}.Debug|Any CPU.ActiveCfg = Debug|Any CPU
		{19B526DA-2F2E-44DB-8F3C-F8C8EA3863F9}.Debug|Any CPU.Build.0 = Debug|Any CPU
		{19B526DA-2F2E-44DB-8F3C-F8C8EA3863F9}.Release|Any CPU.ActiveCfg = Release|Any CPU
		{19B526DA-2F2E-44DB-8F3C-F8C8EA3863F9}.Release|Any CPU.Build.0 = Release|Any CPU
		{769C2065-4F3D-4FCC-B783-EAA0F5BCB250}.Debug|Any CPU.ActiveCfg = Debug|Any CPU
		{769C2065-4F3D-4FCC-B783-EAA0F5BCB250}.Debug|Any CPU.Build.0 = Debug|Any CPU
		{769C2065-4F3D-4FCC-B783-EAA0F5BCB250}.Release|Any CPU.ActiveCfg = Release|Any CPU
		{769C2065-4F3D-4FCC-B783-EAA0F5BCB250}.Release|Any CPU.Build.0 = Release|Any CPU
	EndGlobalSection
	GlobalSection(SolutionProperties) = preSolution
		HideSolutionNode = FALSE
	EndGlobalSection
	GlobalSection(NestedProjects) = preSolution
		{19B526DA-2F2E-44DB-8F3C-F8C8EA3863F9} = {8A0AA186-4E04-42A9-B759-BB8F35BB83D4}
		{769C2065-4F3D-4FCC-B783-EAA0F5BCB250} = {8A0AA186-4E04-42A9-B759-BB8F35BB83D4}
	EndGlobalSection
EndGlobal
